{
    "_readme": [
        "This file locks the dependencies of your project to a known state",
        "Read more about it at http://getcomposer.org/doc/01-basic-usage.md#composer-lock-the-lock-file",
        "This file is @generated automatically"
    ],
    "hash": "ba2380f1402a8a94999d760c19200cb9",
    "packages": [
        {
            "name": "composer/installers",
            "version": "v1.0.21",
            "source": {
                "type": "git",
                "url": "https://github.com/composer/installers.git",
                "reference": "d64e23fce42a4063d63262b19b8e7c0f3b5e4c45"
            },
            "dist": {
                "type": "zip",
                "url": "https://api.github.com/repos/composer/installers/zipball/d64e23fce42a4063d63262b19b8e7c0f3b5e4c45",
                "reference": "d64e23fce42a4063d63262b19b8e7c0f3b5e4c45",
                "shasum": ""
            },
            "replace": {
                "roundcube/plugin-installer": "*",
                "shama/baton": "*"
            },
            "require-dev": {
                "composer/composer": "1.0.*@dev",
                "phpunit/phpunit": "4.1.*"
            },
            "type": "composer-installer",
            "extra": {
                "class": "Composer\\Installers\\Installer",
                "branch-alias": {
                    "dev-master": "1.0-dev"
                }
            },
            "autoload": {
                "psr-0": {
                    "Composer\\Installers\\": "src/"
                }
            },
            "notification-url": "https://packagist.org/downloads/",
            "license": [
                "MIT"
            ],
            "authors": [
                {
                    "name": "Kyle Robinson Young",
                    "email": "kyle@dontkry.com",
                    "homepage": "https://github.com/shama"
                }
            ],
            "description": "A multi-framework Composer library installer",
            "homepage": "http://composer.github.com/installers/",
            "keywords": [
                "Craft",
                "Dolibarr",
                "Hurad",
                "MODX Evo",
                "OXID",
                "SMF",
                "Thelia",
                "WolfCMS",
                "agl",
                "aimeos",
                "annotatecms",
                "bitrix",
                "cakephp",
                "chef",
                "codeigniter",
                "concrete5",
                "croogo",
                "dokuwiki",
                "drupal",
                "elgg",
                "fuelphp",
                "grav",
                "installer",
                "joomla",
                "kohana",
                "laravel",
                "lithium",
                "magento",
                "mako",
                "mediawiki",
                "modulework",
                "moodle",
                "phpbb",
                "piwik",
                "ppi",
                "puppet",
                "roundcube",
                "shopware",
                "silverstripe",
                "symfony",
                "typo3",
                "wordpress",
                "zend",
                "zikula"
            ],
            "time": "2015-02-18 17:17:01"
        },
        {
            "name": "johnpbloch/wordpress",
            "version": "4.3.1",
            "source": {
                "type": "git",
                "url": "https://github.com/johnpbloch/wordpress.git",
                "reference": "cfcf25eb42baeb7316a61c7a64e9a1ab3e291f2f"
            },
            "dist": {
                "type": "zip",
                "url": "https://api.github.com/repos/johnpbloch/wordpress/zipball/cfcf25eb42baeb7316a61c7a64e9a1ab3e291f2f",
                "reference": "cfcf25eb42baeb7316a61c7a64e9a1ab3e291f2f",
                "shasum": ""
            },
            "require": {
                "johnpbloch/wordpress-core-installer": "~0.2",
                "php": ">=5.3.2"
            },
            "type": "wordpress-core",
            "notification-url": "https://packagist.org/downloads/",
            "license": [
                "GPL-2.0+"
            ],
            "authors": [
                {
                    "name": "WordPress Community",
                    "homepage": "http://wordpress.org/about/"
                }
            ],
            "description": "WordPress is web software you can use to create a beautiful website or blog.",
            "homepage": "http://wordpress.org/",
            "keywords": [
                "blog",
                "cms"
            ],
            "time": "2015-09-15 15:01:23"
        },
        {
            "name": "johnpbloch/wordpress-core-installer",
            "version": "0.2.1",
            "source": {
                "type": "git",
                "url": "https://github.com/johnpbloch/wordpress-core-installer.git",
                "reference": "a04c2c383ef13aae077f36799ed2eafdebd618d2"
            },
            "dist": {
                "type": "zip",
                "url": "https://api.github.com/repos/johnpbloch/wordpress-core-installer/zipball/a04c2c383ef13aae077f36799ed2eafdebd618d2",
                "reference": "a04c2c383ef13aae077f36799ed2eafdebd618d2",
                "shasum": ""
            },
            "require": {
                "composer-plugin-api": "^1.0"
            },
            "conflict": {
                "composer/installers": "<1.0.6"
            },
            "require-dev": {
                "composer/composer": "1.0.*@dev"
            },
            "type": "composer-plugin",
            "extra": {
                "class": "johnpbloch\\Composer\\WordPressCorePlugin"
            },
            "autoload": {
                "psr-0": {
                    "johnpbloch\\Composer\\": "src/"
                }
            },
            "notification-url": "https://packagist.org/downloads/",
            "license": [
                "GPL-2.0+"
            ],
            "authors": [
                {
                    "name": "John P. Bloch",
                    "email": "me@johnpbloch.com"
                }
            ],
            "description": "A custom installer to handle deploying WordPress with composer",
            "keywords": [
                "wordpress"
            ],
            "time": "2015-06-11 15:15:30"
        },
        {
            "name": "seafarer/acf-sync",
            "version": "dev-master",
            "source": {
                "type": "git",
                "url": "https://github.com/seafarer/acf-sync.git",
                "reference": "53abf24d4e3911c5af325135c724c5aa17075afd"
            },
            "dist": {
                "type": "zip",
                "url": "https://api.github.com/repos/seafarer/acf-sync/zipball/53abf24d4e3911c5af325135c724c5aa17075afd",
                "reference": "53abf24d4e3911c5af325135c724c5aa17075afd",
                "shasum": ""
            },
            "require": {
                "php": ">=5.3.0"
            },
            "type": "wordpress-plugin",
            "license": [
                "MIT"
            ],
            "authors": [
                {
                    "name": "Thomas Charbit",
                    "email": "thomas.charbit@gmail.com"
                }
            ],
            "description": "Keep your ACF field groups synchronized between different environments",
            "support": {
                "source": "https://github.com/seafarer/acf-sync/tree/master"
            },
            "time": "2015-07-08 17:00:16"
        },
        {
            "name": "vlucas/phpdotenv",
            "version": "v2.0.1",
            "source": {
                "type": "git",
                "url": "https://github.com/vlucas/phpdotenv.git",
                "reference": "91064290f5b53a09bdff1b939d7f69fb0e7531b5"
            },
            "dist": {
                "type": "zip",
                "url": "https://api.github.com/repos/vlucas/phpdotenv/zipball/91064290f5b53a09bdff1b939d7f69fb0e7531b5",
                "reference": "91064290f5b53a09bdff1b939d7f69fb0e7531b5",
                "shasum": ""
            },
            "require": {
                "php": ">=5.3.2"
            },
            "require-dev": {
                "phpunit/phpunit": "~4.0"
            },
            "type": "library",
            "autoload": {
                "psr-4": {
                    "Dotenv\\": "src/"
                }
            },
            "notification-url": "https://packagist.org/downloads/",
            "license": [
                "BSD"
            ],
            "authors": [
                {
                    "name": "Vance Lucas",
                    "email": "vance@vancelucas.com",
                    "homepage": "http://www.vancelucas.com"
                }
            ],
            "description": "Loads environment variables from `.env` to `getenv()`, `$_ENV` and `$_SERVER` automagically.",
            "homepage": "http://github.com/vlucas/phpdotenv",
            "keywords": [
                "dotenv",
                "env",
                "environment"
            ],
            "time": "2015-05-30 16:15:01"
        },
        {
            "name": "wp-sync-db/wp-sync-db",
            "version": "dev-master",
            "source": {
                "type": "git",
                "url": "https://github.com/wp-sync-db/wp-sync-db.git",
                "reference": "d331c825cec8550e1f3fa573a513215ede95452f"
            },
            "dist": {
                "type": "zip",
                "url": "https://api.github.com/repos/wp-sync-db/wp-sync-db/zipball/d331c825cec8550e1f3fa573a513215ede95452f",
                "reference": "d331c825cec8550e1f3fa573a513215ede95452f",
                "shasum": ""
            },
            "require": {
                "composer/installers": "~1.0.6"
            },
            "type": "wordpress-plugin",
            "notification-url": "https://packagist.org/downloads/",
            "license": [
                "GPLv2"
            ],
            "description": "WP Sync DB eliminates the manual work of migrating a WP database.",
            "homepage": "https://github.com/wp-sync-db/wp-sync-db",
            "keywords": [
                "db",
                "plugin",
                "wordpress",
                "wp-sync-db"
            ],
            "time": "2015-05-02 21:48:19"
        },
        {
            "name": "wp-sync-db/wp-sync-db-media-files",
            "version": "1.1.5",
            "source": {
                "type": "git",
                "url": "https://github.com/wp-sync-db/wp-sync-db-media-files.git",
                "reference": "be6dc51678ee7e44c158d9bd38169aba4ac8964c"
            },
            "dist": {
                "type": "zip",
                "url": "https://api.github.com/repos/wp-sync-db/wp-sync-db-media-files/zipball/be6dc51678ee7e44c158d9bd38169aba4ac8964c",
                "reference": "be6dc51678ee7e44c158d9bd38169aba4ac8964c",
                "shasum": ""
            },
            "require": {
                "composer/installers": "~1.0.6"
            },
            "type": "wordpress-plugin",
            "notification-url": "https://packagist.org/downloads/",
            "license": [
                "GPLv2"
            ],
            "description": "WP Sync DB Media File Addon for WP Sync DB",
            "homepage": "https://github.com/wp-sync-db/wp-sync-db-media-files",
            "keywords": [
                "media",
                "plugin",
                "wordpress",
                "wp-sync-db"
            ],
            "time": "2015-01-17 02:23:40"
        },
        {
            "name": "wpackagist-plugin/ninja-forms",
            "version": "2.9.28",
            "source": {
                "type": "svn",
                "url": "http://plugins.svn.wordpress.org/ninja-forms/",
                "reference": "tags/2.9.28"
            },
            "dist": {
                "type": "zip",
                "url": "https://downloads.wordpress.org/plugin/ninja-forms.2.9.28.zip",
                "reference": null,
                "shasum": null
            },
            "require": {
                "composer/installers": "~1.0"
            },
            "type": "wordpress-plugin",
            "homepage": "https://wordpress.org/plugins/ninja-forms/"
        },
        {
            "name": "x-team/wp-cli-ssh",
            "version": "dev-master",
            "source": {
                "type": "git",
                "url": "https://github.com/xwp/wp-cli-ssh.git",
                "reference": "5e12338ca07f0a1830f19259897b97a69ab292c4"
            },
            "dist": {
                "type": "zip",
                "url": "https://api.github.com/repos/xwp/wp-cli-ssh/zipball/5e12338ca07f0a1830f19259897b97a69ab292c4",
                "reference": "5e12338ca07f0a1830f19259897b97a69ab292c4",
                "shasum": ""
            },
            "require": {
                "php": ">=5.4"
            },
            "type": "library",
            "autoload": {
                "files": [
                    "wp-cli-ssh.php"
                ]
            },
            "notification-url": "https://packagist.org/downloads/",
            "license": [
                "GPLv2"
            ],
            "authors": [
                {
                    "name": "Jonathan Bardo",
                    "email": "jonathan.bardo@x-team.com",
                    "homepage": "https://github.com/jonathanbardo",
                    "role": "Developer"
                },
                {
                    "name": "Weston Ruter",
                    "email": "weston@x-team.com",
                    "homepage": "http://weston.ruter.net",
                    "role": "Developer"
                }
            ],
            "description": "Invoke WP-CLI on another server via SSH from local machine",
            "homepage": "https://github.com/x-team/wp-cli-ssh",
            "keywords": [
                "remote",
                "ssh",
                "wp-cli"
            ],
            "time": "2015-07-29 16:06:25"
        },
        {
            "name": "xrstf/composer-php52",
            "version": "v1.0.19",
            "source": {
                "type": "hg",
                "url": "https://bitbucket.org/xrstf/composer-php52",
                "reference": "9a4a9c46d0347b39bf9159815301dc66fc25324e"
            },
            "dist": {
                "type": "zip",
                "url": "https://bitbucket.org/xrstf/composer-php52/get/9a4a9c46d0347b39bf9159815301dc66fc25324e.zip",
                "reference": "9a4a9c46d0347b39bf9159815301dc66fc25324e",
                "shasum": ""
            },
            "type": "library",
            "extra": {
                "branch-alias": {
                    "dev-default": "1.x-dev"
                }
            },
            "autoload": {
                "psr-0": {
                    "xrstf\\Composer52": "lib/"
                }
            },
            "notification-url": "https://packagist.org/downloads/",
            "license": [
                "MIT"
            ],
            "homepage": "http://www.xrstf.de/",
            "time": "2015-10-01 14:11:58"
        },
        {
            "name": "yoast/api-libs",
            "version": "2.0",
            "source": {
                "type": "git",
                "url": "https://github.com/Yoast/api-libs.git",
                "reference": "e7361081a1d6ae79c0b96c8363379435ea736ef8"
            },
            "dist": {
                "type": "zip",
                "url": "https://api.github.com/repos/Yoast/api-libs/zipball/e7361081a1d6ae79c0b96c8363379435ea736ef8",
                "reference": "e7361081a1d6ae79c0b96c8363379435ea736ef8",
                "shasum": ""
            },
            "type": "library",
            "autoload": {
                "classmap": [
                    "class-api-libs.php"
                ]
            },
            "notification-url": "https://packagist.org/downloads/",
            "license": [
                "GPL-3.0"
            ],
            "authors": [
                {
                    "name": "Team Yoast",
                    "email": "support@yoast.com",
                    "homepage": "https://yoast.com"
                }
            ],
            "description": "Shared API libraries for Yoast projects.",
            "homepage": "https://github.com/Yoast/api-libs",
            "keywords": [
                "wordpress"
            ],
            "time": "2015-07-14 10:25:59"
        },
        {
            "name": "yoast/i18n-module",
            "version": "1.0",
            "source": {
                "type": "git",
                "url": "https://github.com/Yoast/i18n-module.git",
                "reference": "4648918ccf8bc6da12eadf57e4bece4829af29b3"
            },
            "dist": {
                "type": "zip",
                "url": "https://api.github.com/repos/Yoast/i18n-module/zipball/4648918ccf8bc6da12eadf57e4bece4829af29b3",
                "reference": "4648918ccf8bc6da12eadf57e4bece4829af29b3",
                "shasum": ""
            },
            "type": "library",
            "autoload": {
                "classmap": [
                    "i18n-module.php"
                ]
            },
            "notification-url": "https://packagist.org/downloads/",
            "license": [
                "GPL-2.0+"
            ],
            "authors": [
                {
                    "name": "Team Yoast",
                    "email": "support@yoast.com",
                    "homepage": "https://yoast.com"
                }
            ],
            "description": "Handle i18n for WordPress plugins.",
            "homepage": "https://github.com/Yoast/i18n-module",
            "keywords": [
                "wordpress"
            ],
            "time": "2015-04-22 12:48:39"
        },
        {
            "name": "yoast/license-manager",
            "version": "1.2",
            "source": {
                "type": "git",
                "url": "https://github.com/Yoast/License-Manager.git",
                "reference": "8caf52202bf51011686e31c9a43b18731047f1be"
            },
            "dist": {
                "type": "zip",
                "url": "https://api.github.com/repos/Yoast/License-Manager/zipball/8caf52202bf51011686e31c9a43b18731047f1be",
                "reference": "8caf52202bf51011686e31c9a43b18731047f1be",
                "shasum": ""
            },
            "type": "library",
            "autoload": {
                "classmap": [
                    "class-api-request.php",
                    "class-license-manager.php",
                    "class-plugin-license-manager.php",
                    "class-plugin-update-manager.php",
                    "class-product.php",
                    "class-theme-license-manager.php",
                    "class-theme-update-manager.php",
                    "class-update-manager.php"
                ]
            },
            "notification-url": "https://packagist.org/downloads/",
            "license": [
                "GPL-2.0+"
            ],
            "authors": [
                {
                    "name": "Team Yoast",
                    "email": "support@yoast.com",
                    "homepage": "https://yoast.com"
                }
            ],
            "description": "Yoast License Manager.",
            "homepage": "https://github.com/Yoast/License-Manager",
            "keywords": [
                "wordpress"
            ],
            "time": "2015-03-16 11:51:33"
        },
        {
            "name": "yoast/wordpress-seo",
            "version": "2.3.5",
            "source": {
                "type": "git",
                "url": "https://github.com/Yoast/wordpress-seo.git",
                "reference": "d57354a7c2d0874a4eb0b42fc61148fd19d42c60"
            },
            "dist": {
                "type": "zip",
                "url": "https://api.github.com/repos/Yoast/wordpress-seo/zipball/d57354a7c2d0874a4eb0b42fc61148fd19d42c60",
                "reference": "d57354a7c2d0874a4eb0b42fc61148fd19d42c60",
                "shasum": ""
            },
            "require": {
                "composer/installers": "~1.0",
                "xrstf/composer-php52": "^1.0.17",
                "yoast/api-libs": "^2.0",
                "yoast/i18n-module": "^1.0",
                "yoast/license-manager": "^1.2"
            },
            "require-dev": {
                "yoast/yoastcs": "dev-master"
            },
            "type": "wordpress-plugin",
            "autoload": {
                "classmap": [
                    "admin/",
                    "frontend/",
                    "inc/"
                ]
            },
            "notification-url": "https://packagist.org/downloads/",
            "license": [
                "GPL-2.0+"
            ],
            "authors": [
                {
                    "name": "Team Yoast",
                    "email": "support@yoast.com",
                    "homepage": "https://yoast.com"
                }
            ],
            "description": "Improve your WordPress SEO: Write better content and have a fully optimized WordPress site using the Yoast SEO plugin.",
            "homepage": "https://yoast.com/wordpress/plugins/seo/",
            "keywords": [
                "seo",
                "wordpress"
            ],
            "time": "2015-09-16 10:01:14"
        }
    ],
    "packages-dev": [],
    "aliases": [],
    "minimum-stability": "stable",
    "stability-flags": {
        "wp-sync-db/wp-sync-db": 20,
        "seafarer/acf-sync": 20,
        "x-team/wp-cli-ssh": 20
    },
    "prefer-stable": false,
    "prefer-lowest": false,
    "platform": {
        "php": ">=5.5"
    },
    "platform-dev": []
}
